schema: '2.0'
stages:
  prepare:
    cmd: python -m src.make_dataset
    deps:
    - path: github-issues-dataset/github_issues_dataset.parquet
      hash: md5
      md5: 15bdc000bf926e436bcc9a1b1c64ee5a
      size: 138948920
    - path: src/make_dataset.py
      hash: md5
      md5: bf9ceecf7c7b7f8ffa96ef08331d0dd7
      size: 3208
    - path: src/preprocess.py
      hash: md5
      md5: c47ceea3c4e22ad1304455415e5a7189
      size: 5499
    - path: src/taxonomy.py
      hash: md5
      md5: ccf3216a81e7363f650d38060a3779f6
      size: 2012
    outs:
    - path: data/processed/issues_clean.parquet
      hash: md5
      md5: 28d16a50d2f41fc878953478c74f6fca
      size: 65789801
  split:
    cmd: python -m src.make_splits
    deps:
    - path: data/processed/issues_clean.parquet
      hash: md5
      md5: 28d16a50d2f41fc878953478c74f6fca
      size: 65789801
    - path: src/make_splits.py
      hash: md5
      md5: a1399edde418e0f342b696b3888a436b
      size: 2019
    params:
      params.yaml:
        split:
          seed: 42
          val_frac: 0.1
          test_frac: 0.1
    outs:
    - path: data/splits
      hash: md5
      md5: 3359dc8af7908561418655c839033a91.dir
      size: 68290416
      nfiles: 3
